
Microsoft Visual Studio Solution File, Format Version 12.00
# Visual Studio Version 17
VisualStudioVersion = 17.14.36408.4 d17.14
MinimumVisualStudioVersion = 10.0.40219.1
Project("{FAE04EC0-301F-11D3-BF4B-00C04F79EFBC}") = "ghLearn", "ghLearn\ghLearn.csproj", "{DB6D7F13-9E1C-4DEF-B2CE-B9FBB9E69E45}"
EndProject
Project("{FAE04EC0-301F-11D3-BF4B-00C04F79EFBC}") = "ghlearnTest", "ghlearnTest\ghlearnTest.csproj", "{D9F1CFDA-6D7B-4832-9D4E-C1E45054199F}"
EndProject
Global
	GlobalSection(SolutionConfigurationPlatforms) = preSolution
		Debug|Any CPU = Debug|Any CPU
		Release|Any CPU = Release|Any CPU
	EndGlobalSection
	GlobalSection(ProjectConfigurationPlatforms) = postSolution
		{DB6D7F13-9E1C-4DEF-B2CE-B9FBB9E69E45}.Debug|Any CPU.ActiveCfg = Debug|Any CPU
		{DB6D7F13-9E1C-4DEF-B2CE-B9FBB9E69E45}.Debug|Any CPU.Build.0 = Debug|Any CPU
		{DB6D7F13-9E1C-4DEF-B2CE-B9FBB9E69E45}.Release|Any CPU.ActiveCfg = Release|Any CPU
		{DB6D7F13-9E1C-4DEF-B2CE-B9FBB9E69E45}.Release|Any CPU.Build.0 = Release|Any CPU
		{D9F1CFDA-6D7B-4832-9D4E-C1E45054199F}.Debug|Any CPU.ActiveCfg = Debug|Any CPU
		{D9F1CFDA-6D7B-4832-9D4E-C1E45054199F}.Debug|Any CPU.Build.0 = Debug|Any CPU
		{D9F1CFDA-6D7B-4832-9D4E-C1E45054199F}.Release|Any CPU.ActiveCfg = Release|Any CPU
		{D9F1CFDA-6D7B-4832-9D4E-C1E45054199F}.Release|Any CPU.Build.0 = Release|Any CPU
	EndGlobalSection
	GlobalSection(SolutionProperties) = preSolution
		HideSolutionNode = FALSE
	EndGlobalSection
	GlobalSection(ExtensibilityGlobals) = postSolution
		SolutionGuid = {FF3EE4F2-78D4-4A52-8927-3AF4BEA76971}
	EndGlobalSection
EndGlobal
